{
  "lockfileVersion": "1",
  "dependencies": {
    "github.com/G33kDude/Neutron.ahk": "branch:master",
    "github.com/G33kDude/cJson.ahk": "branch:main",
    "github.com/SaifAqqad/VA.ahk": "1.0.0",
    "github.com/SaifAqqad/VMR.ahk": "1.0.0",
    "github.com/mmikeww/AHKv2-Gdip": "branch:master"
  },
  "resolved": [
    {
      "name": "github.com/G33kDude/Neutron.ahk",
      "version": "branch:master",
      "sha": "a1ec4de705b1cc6d73519169d15545b0fe5f3600",
      "installPath": "ahkpm-modules/github.com/G33kDude/Neutron.ahk",
      "dependencies": {}
    },
    {
      "name": "github.com/G33kDude/cJson.ahk",
      "version": "branch:main",
      "sha": "33f7d7dada3afef8f239033ab77f3c59e743a3a4",
      "installPath": "ahkpm-modules/github.com/G33kDude/cJson.ahk",
      "dependencies": {}
    },
    {
      "name": "github.com/SaifAqqad/VA.ahk",
      "version": "1.0.0",
      "sha": "df2e9af88fd07fd81128a41f4c58bd3644cd4a24",
      "installPath": "ahkpm-modules/github.com/SaifAqqad/VA.ahk",
      "dependencies": {}
    },
    {
      "name": "github.com/SaifAqqad/VMR.ahk",
      "version": "1.0.0",
      "sha": "ab99f17c0741bd94ed57de2ea154f254b9eaf842",
      "installPath": "ahkpm-modules/github.com/SaifAqqad/VMR.ahk",
      "dependencies": {}
    },
    {
      "name": "github.com/mmikeww/AHKv2-Gdip",
      "version": "branch:master",
      "sha": "cab5ae291023c790ce4081630b190b5b88409f48",
      "installPath": "ahkpm-modules/github.com/mmikeww/AHKv2-Gdip",
      "dependencies": {}
    }
  ]
}